Microsoft Visual Studio Solution File, Format Version 11.00
# Visual Studio 2008

Project("{73B85E8A-0C80-C2FE-37D5-9224CB27F097}") = "Kerpape", "Assembly-CSharp-firstpass-vs.csproj", "{44830D63-362D-2A6E-14D3-B2351AD7568B}"
EndProject
Project("{73B85E8A-0C80-C2FE-37D5-9224CB27F097}") = "Kerpape", "Assembly-CSharp-vs.csproj", "{D2FB9E83-6B81-CE46-99C1-E962A577D9D3}"
EndProject
Project("{73B85E8A-0C80-C2FE-37D5-9224CB27F097}") = "Kerpape", "Assembly-CSharp-Editor-vs.csproj", "{1918EB84-BFBA-730F-5554-566BE95FE19E}"
EndProject
Global
	GlobalSection(SolutionConfigurationPlatforms) = preSolution
		Debug|Any CPU = Debug|Any CPU
		Release|Any CPU = Release|Any CPU
	EndGlobalSection
	GlobalSection(ProjectConfigurationPlatforms) = postSolution
		{44830D63-362D-2A6E-14D3-B2351AD7568B}.Debug|Any CPU.ActiveCfg = Debug|Any CPU
		{44830D63-362D-2A6E-14D3-B2351AD7568B}.Debug|Any CPU.Build.0 = Debug|Any CPU
		{44830D63-362D-2A6E-14D3-B2351AD7568B}.Release|Any CPU.ActiveCfg = Release|Any CPU
		{44830D63-362D-2A6E-14D3-B2351AD7568B}.Release|Any CPU.Build.0 = Release|Any CPU
		{D2FB9E83-6B81-CE46-99C1-E962A577D9D3}.Debug|Any CPU.ActiveCfg = Debug|Any CPU
		{D2FB9E83-6B81-CE46-99C1-E962A577D9D3}.Debug|Any CPU.Build.0 = Debug|Any CPU
		{D2FB9E83-6B81-CE46-99C1-E962A577D9D3}.Release|Any CPU.ActiveCfg = Release|Any CPU
		{D2FB9E83-6B81-CE46-99C1-E962A577D9D3}.Release|Any CPU.Build.0 = Release|Any CPU
		{1918EB84-BFBA-730F-5554-566BE95FE19E}.Debug|Any CPU.ActiveCfg = Debug|Any CPU
		{1918EB84-BFBA-730F-5554-566BE95FE19E}.Debug|Any CPU.Build.0 = Debug|Any CPU
		{1918EB84-BFBA-730F-5554-566BE95FE19E}.Release|Any CPU.ActiveCfg = Release|Any CPU
		{1918EB84-BFBA-730F-5554-566BE95FE19E}.Release|Any CPU.Build.0 = Release|Any CPU
	EndGlobalSection
	GlobalSection(SolutionProperties) = preSolution
		HideSolutionNode = FALSE
	EndGlobalSection
								GlobalSection(MonoDevelopProperties) = preSolution
		StartupItem = Assembly-CSharp.csproj
		Policies = $0
		$0.TextStylePolicy = $1
		$1.inheritsSet = null
		$1.scope = text/x-csharp
		$0.CSharpFormattingPolicy = $2
		$2.inheritsSet = Mono
		$2.inheritsScope = text/x-csharp
		$2.scope = text/x-csharp
		$0.TextStylePolicy = $3
		$3.FileWidth = 120
		$3.TabWidth = 4
		$3.IndentWidth = 4
		$3.EolMarker = Unix
		$3.inheritsSet = Mono
		$3.inheritsScope = text/plain
		$3.scope = text/plain
	EndGlobalSection

EndGlobal
